Microsoft Visual Studio Solution File, Format Version 12.00
# Visual Studio 15
VisualStudioVersion = 15.0.28010.2016
MinimumVisualStudioVersion = 10.0.40219.1
Project("{FAE04EC0-301F-11D3-BF4B-00C04F79EFBC}") = "Umbraco.Web.UI", "Umbraco.Web.UI\Umbraco.Web.UI.csproj", "{4C4C194C-B5E4-4991-8F87-4373E24CC19F}"
EndProject
Project("{2150E333-8FDC-42A3-9474-1A3956D46DE8}") = "Build", "Build", "{2849E9D4-3B4E-40A3-A309-F3CB4F0E125F}"
EndProject
Project("{2150E333-8FDC-42A3-9474-1A3956D46DE8}") = "Docs", "Docs", "{FD962632-184C-4005-A5F3-E705D92FC645}"
	ProjectSection(SolutionItems) = preProject
		..\apidocs\docfx.filter.yml = ..\apidocs\docfx.filter.yml
		..\apidocs\docfx.json = ..\apidocs\docfx.json
		..\apidocs\index.md = ..\apidocs\index.md
		..\LICENSE.md = ..\LICENSE.md
		..\apidocs\toc.yml = ..\apidocs\toc.yml
	EndProjectSection
EndProject
Project("{2150E333-8FDC-42A3-9474-1A3956D46DE8}") = "Tests", "Tests", "{B5BD12C1-A454-435E-8A46-FF4A364C0382}"
EndProject
Project("{2150E333-8FDC-42A3-9474-1A3956D46DE8}") = "NuSpecs", "NuSpecs", "{227C3B55-80E5-4E7E-A802-BE16C5128B9D}"
	ProjectSection(SolutionItems) = preProject
		..\build\build.ps1 = ..\build\build.ps1
		..\build\setversion.ps1 = ..\build\setversion.ps1
		..\build\NuSpecs\UmbracoCms.Core.nuspec = ..\build\NuSpecs\UmbracoCms.Core.nuspec
		..\build\NuSpecs\UmbracoCms.nuspec = ..\build\NuSpecs\UmbracoCms.nuspec
	EndProjectSection
EndProject
Project("{E24C65DC-7377-472B-9ABA-BC803B73C61A}") = "Umbraco.Web.UI.Client", "http://localhost:3961", "{3819A550-DCEC-4153-91B4-8BA9F7F0B9B4}"
	ProjectSection(WebsiteProperties) = preProject
		UseIISExpress = "true"
		TargetFrameworkMoniker = ".NETFramework,Version%3Dv4.5.2"
		Debug.AspNetCompiler.VirtualPath = "/localhost_3961"
		Debug.AspNetCompiler.PhysicalPath = "Umbraco.Web.UI.Client\"
		Debug.AspNetCompiler.TargetPath = "PrecompiledWeb\localhost_3961\"
		Debug.AspNetCompiler.Updateable = "true"
		Debug.AspNetCompiler.ForceOverwrite = "true"
		Debug.AspNetCompiler.FixedNames = "false"
		Debug.AspNetCompiler.Debug = "True"
		Release.AspNetCompiler.VirtualPath = "/localhost_3961"
		Release.AspNetCompiler.PhysicalPath = "Umbraco.Web.UI.Client\"
		Release.AspNetCompiler.TargetPath = "PrecompiledWeb\localhost_3961\"
		Release.AspNetCompiler.Updateable = "true"
		Release.AspNetCompiler.ForceOverwrite = "true"
		Release.AspNetCompiler.FixedNames = "false"
		Release.AspNetCompiler.Debug = "False"
		SlnRelativePath = "Umbraco.Web.UI.Client\"
		DefaultWebSiteLanguage = "Visual C#"
		StartServerOnDebug = "false"
	EndProjectSection
EndProject
Project("{FAE04EC0-301F-11D3-BF4B-00C04F79EFBC}") = "Umbraco.Web", "Umbraco.Web\Umbraco.Web.csproj", "{651E1350-91B6-44B7-BD60-7207006D7003}"
EndProject
Project("{FAE04EC0-301F-11D3-BF4B-00C04F79EFBC}") = "umbraco.businesslogic", "umbraco.businesslogic\umbraco.businesslogic.csproj", "{E469A9CE-1BEC-423F-AC44-713CD72457EA}"
EndProject
Project("{FAE04EC0-301F-11D3-BF4B-00C04F79EFBC}") = "umbraco.cms", "umbraco.cms\umbraco.cms.csproj", "{CCD75EC3-63DB-4184-B49D-51C1DD337230}"
EndProject
Project("{FAE04EC0-301F-11D3-BF4B-00C04F79EFBC}") = "umbraco.interfaces", "umbraco.interfaces\umbraco.interfaces.csproj", "{511F6D8D-7717-440A-9A57-A507E9A8B27F}"
EndProject
Project("{FAE04EC0-301F-11D3-BF4B-00C04F79EFBC}") = "umbraco.editorControls", "umbraco.editorControls\umbraco.editorControls.csproj", "{255F5DF1-4E43-4758-AC05-7A0B68EB021B}"
EndProject
Project("{FAE04EC0-301F-11D3-BF4B-00C04F79EFBC}") = "umbraco.providers", "umbraco.providers\umbraco.providers.csproj", "{D7636876-0756-43CB-A192-138C6F0D5E42}"
EndProject
Project("{FAE04EC0-301F-11D3-BF4B-00C04F79EFBC}") = "umbraco.datalayer", "umbraco.datalayer\umbraco.datalayer.csproj", "{C7CB79F0-1C97-4B33-BFA7-00731B579AE2}"
EndProject
Project("{FAE04EC0-301F-11D3-BF4B-00C04F79EFBC}") = "umbraco.controls", "umbraco.controls\umbraco.controls.csproj", "{6EDD2061-82F2-461B-BB6E-879245A832DE}"
EndProject
Project("{FAE04EC0-301F-11D3-BF4B-00C04F79EFBC}") = "SqlCE4Umbraco", "SQLCE4Umbraco\SqlCE4Umbraco.csproj", "{5BA5425F-27A7-4677-865E-82246498AA2E}"
EndProject
Project("{FAE04EC0-301F-11D3-BF4B-00C04F79EFBC}") = "umbraco.MacroEngines", "umbraco.MacroEngines\umbraco.MacroEngines.csproj", "{89C09045-1064-466B-B94A-DB3AFE2A5853}"
EndProject
Project("{FAE04EC0-301F-11D3-BF4B-00C04F79EFBC}") = "Umbraco.Core", "Umbraco.Core\Umbraco.Core.csproj", "{31785BC3-256C-4613-B2F5-A1B0BDDED8C1}"
EndProject
Project("{FAE04EC0-301F-11D3-BF4B-00C04F79EFBC}") = "Umbraco.Tests", "Umbraco.Tests\Umbraco.Tests.csproj", "{5D3B8245-ADA6-453F-A008-50ED04BFE770}"
EndProject
Project("{FAE04EC0-301F-11D3-BF4B-00C04F79EFBC}") = "UmbracoExamine", "UmbracoExamine\UmbracoExamine.csproj", "{07FBC26B-2927-4A22-8D96-D644C667FECC}"
EndProject
Project("{2150E333-8FDC-42A3-9474-1A3956D46DE8}") = "tools", "tools", "{E3F9F378-AFE1-40A5-90BD-82833375DBFE}"
	ProjectSection(SolutionItems) = preProject
		..\build\NuSpecs\tools\applications.config.install.xdt = ..\build\NuSpecs\tools\applications.config.install.xdt
		..\build\NuSpecs\tools\cache.config.install.xdt = ..\build\NuSpecs\tools\cache.config.install.xdt
		..\build\NuSpecs\tools\ClientDependency.config.install.xdt = ..\build\NuSpecs\tools\ClientDependency.config.install.xdt
		..\build\NuSpecs\tools\Dashboard.config.install.xdt = ..\build\NuSpecs\tools\Dashboard.config.install.xdt
		..\build\NuSpecs\tools\install.core.ps1 = ..\build\NuSpecs\tools\install.core.ps1
		..\build\NuSpecs\tools\install.ps1 = ..\build\NuSpecs\tools\install.ps1
		..\build\NuSpecs\tools\log4net.config.install.xdt = ..\build\NuSpecs\tools\log4net.config.install.xdt
		..\build\NuSpecs\tools\processing.config.install.xdt = ..\build\NuSpecs\tools\processing.config.install.xdt
		..\build\NuSpecs\tools\Readme.txt = ..\build\NuSpecs\tools\Readme.txt
		..\build\NuSpecs\tools\ReadmeUpgrade.txt = ..\build\NuSpecs\tools\ReadmeUpgrade.txt
		..\build\NuSpecs\tools\trees.config.install.xdt = ..\build\NuSpecs\tools\trees.config.install.xdt
		..\build\NuSpecs\tools\umbracoSettings.config.install.xdt = ..\build\NuSpecs\tools\umbracoSettings.config.install.xdt
		..\build\NuSpecs\tools\Views.Web.config.install.xdt = ..\build\NuSpecs\tools\Views.Web.config.install.xdt
		..\build\NuSpecs\tools\Web.config.install.xdt = ..\build\NuSpecs\tools\Web.config.install.xdt
	EndProjectSection
EndProject
Project("{2150E333-8FDC-42A3-9474-1A3956D46DE8}") = "build", "build", "{5B03EF4E-E0AC-4905-861B-8C3EC1A0D458}"
	ProjectSection(SolutionItems) = preProject
		..\build\NuSpecs\build\UmbracoCms.props = ..\build\NuSpecs\build\UmbracoCms.props
		..\build\NuSpecs\build\UmbracoCms.targets = ..\build\NuSpecs\build\UmbracoCms.targets
	EndProjectSection
EndProject
Project("{FAE04EC0-301F-11D3-BF4B-00C04F79EFBC}") = "Umbraco.Tests.Benchmarks", "Umbraco.Tests.Benchmarks\Umbraco.Tests.Benchmarks.csproj", "{86DEB346-089F-4106-89C8-D852B9CF2A33}"
EndProject
Project("{2150E333-8FDC-42A3-9474-1A3956D46DE8}") = "Amazilia", "Amazilia", "{7CD513D3-A2F0-4AED-B249-30470224542C}"
EndProject
Project("{FAE04EC0-301F-11D3-BF4B-00C04F79EFBC}") = "Amazilia.Core", "..\..\vwa-plugins-git\Amazilia.Core\Amazilia.Core.csproj", "{54F54202-2ED4-4631-B9D8-6A93BC42F641}"
EndProject
Project("{2150E333-8FDC-42A3-9474-1A3956D46DE8}") = "Plugins", "Plugins", "{2566D014-1A49-4C9B-AAD9-BEC0B44A0EEB}"
EndProject
Project("{FAE04EC0-301F-11D3-BF4B-00C04F79EFBC}") = "Amazilia.Plugins.Payment.Manual", "..\..\vwa-plugins-git\Plugins\Amazilia.Plugins.Payment.Manual\Amazilia.Plugins.Payment.Manual.csproj", "{CB91FFE3-EA54-4D5B-A518-E6F2720D757F}"
EndProject
Project("{FAE04EC0-301F-11D3-BF4B-00C04F79EFBC}") = "Amazilia.Plugins.Shipping.FixedrateShipping", "..\..\vwa-plugins-git\Plugins\Amazilia.Plugins.Shipping.FixedrateShipping\Amazilia.Plugins.Shipping.FixedrateShi\Amazilia.Plugins.Shipping.FixedrateShipping.csproj", "{53A20E75-5617-4A05-8583-7B968A6950A5}"
EndProject
Project("{2150E333-8FDC-42A3-9474-1A3956D46DE8}") = "M-Plus", "M-Plus", "{F4B9D8FB-CF5D-4C40-999B-A67C9BA0947B}"
EndProject
Project("{FAE04EC0-301F-11D3-BF4B-00C04F79EFBC}") = "Connector", "..\..\m-plus\Connector\Connector.csproj", "{8676B298-5256-4ABD-9C4C-ED0E2B853EA2}"
EndProject
Project("{FAE04EC0-301F-11D3-BF4B-00C04F79EFBC}") = "ETC.Connector", "..\..\m-plus\ETC.Connector\ETC.Connector.csproj", "{9E19F0F0-0050-419E-8EBD-AC97DCA967BB}"
EndProject
Project("{FAE04EC0-301F-11D3-BF4B-00C04F79EFBC}") = "Amazilia.Web.UI", "..\..\vwa-plugins-git\Amazilia.Web.UI\Amazilia.Web.UI.csproj", "{F5C8558A-F998-46BA-9EE1-42DEA090226A}"
EndProject
Project("{FAE04EC0-301F-11D3-BF4B-00C04F79EFBC}") = "Amazilia.Plugins.Payment.IdealSimulator", "..\..\vwa-plugins-git\Plugins\Amazilia.Plugins.Payment.IdealSimulator\Amazilia.Plugins.Payment.IdealSimulator.csproj", "{ED8855CE-4F62-442B-9033-2363C2023296}"
EndProject
Global
	GlobalSection(SolutionConfigurationPlatforms) = preSolution
		Debug|Any CPU = Debug|Any CPU
		Debug|ARM = Debug|ARM
		Debug|ARM64 = Debug|ARM64
		Debug|x64 = Debug|x64
		Debug|x86 = Debug|x86
		Release|Any CPU = Release|Any CPU
		Release|ARM = Release|ARM
		Release|ARM64 = Release|ARM64
		Release|x64 = Release|x64
		Release|x86 = Release|x86
	EndGlobalSection
	GlobalSection(ProjectConfigurationPlatforms) = postSolution
		{4C4C194C-B5E4-4991-8F87-4373E24CC19F}.Debug|Any CPU.ActiveCfg = Debug|Any CPU
		{4C4C194C-B5E4-4991-8F87-4373E24CC19F}.Debug|Any CPU.Build.0 = Debug|Any CPU
		{4C4C194C-B5E4-4991-8F87-4373E24CC19F}.Debug|ARM.ActiveCfg = Debug|Any CPU
		{4C4C194C-B5E4-4991-8F87-4373E24CC19F}.Debug|ARM.Build.0 = Debug|Any CPU
		{4C4C194C-B5E4-4991-8F87-4373E24CC19F}.Debug|ARM64.ActiveCfg = Debug|Any CPU
		{4C4C194C-B5E4-4991-8F87-4373E24CC19F}.Debug|ARM64.Build.0 = Debug|Any CPU
		{4C4C194C-B5E4-4991-8F87-4373E24CC19F}.Debug|x64.ActiveCfg = Debug|Any CPU
		{4C4C194C-B5E4-4991-8F87-4373E24CC19F}.Debug|x64.Build.0 = Debug|Any CPU
		{4C4C194C-B5E4-4991-8F87-4373E24CC19F}.Debug|x86.ActiveCfg = Debug|Any CPU
		{4C4C194C-B5E4-4991-8F87-4373E24CC19F}.Debug|x86.Build.0 = Debug|Any CPU
		{4C4C194C-B5E4-4991-8F87-4373E24CC19F}.Release|Any CPU.ActiveCfg = Release|Any CPU
		{4C4C194C-B5E4-4991-8F87-4373E24CC19F}.Release|Any CPU.Build.0 = Release|Any CPU
		{4C4C194C-B5E4-4991-8F87-4373E24CC19F}.Release|ARM.ActiveCfg = Release|Any CPU
		{4C4C194C-B5E4-4991-8F87-4373E24CC19F}.Release|ARM.Build.0 = Release|Any CPU
		{4C4C194C-B5E4-4991-8F87-4373E24CC19F}.Release|ARM64.ActiveCfg = Release|Any CPU
		{4C4C194C-B5E4-4991-8F87-4373E24CC19F}.Release|ARM64.Build.0 = Release|Any CPU
		{4C4C194C-B5E4-4991-8F87-4373E24CC19F}.Release|x64.ActiveCfg = Release|Any CPU
		{4C4C194C-B5E4-4991-8F87-4373E24CC19F}.Release|x64.Build.0 = Release|Any CPU
		{4C4C194C-B5E4-4991-8F87-4373E24CC19F}.Release|x86.ActiveCfg = Release|Any CPU
		{4C4C194C-B5E4-4991-8F87-4373E24CC19F}.Release|x86.Build.0 = Release|Any CPU
		{3819A550-DCEC-4153-91B4-8BA9F7F0B9B4}.Debug|Any CPU.ActiveCfg = Debug|Any CPU
		{3819A550-DCEC-4153-91B4-8BA9F7F0B9B4}.Debug|ARM.ActiveCfg = Debug|Any CPU
		{3819A550-DCEC-4153-91B4-8BA9F7F0B9B4}.Debug|ARM.Build.0 = Debug|Any CPU
		{3819A550-DCEC-4153-91B4-8BA9F7F0B9B4}.Debug|ARM64.ActiveCfg = Debug|Any CPU
		{3819A550-DCEC-4153-91B4-8BA9F7F0B9B4}.Debug|ARM64.Build.0 = Debug|Any CPU
		{3819A550-DCEC-4153-91B4-8BA9F7F0B9B4}.Debug|x64.ActiveCfg = Debug|Any CPU
		{3819A550-DCEC-4153-91B4-8BA9F7F0B9B4}.Debug|x64.Build.0 = Debug|Any CPU
		{3819A550-DCEC-4153-91B4-8BA9F7F0B9B4}.Debug|x86.ActiveCfg = Debug|Any CPU
		{3819A550-DCEC-4153-91B4-8BA9F7F0B9B4}.Debug|x86.Build.0 = Debug|Any CPU
		{3819A550-DCEC-4153-91B4-8BA9F7F0B9B4}.Release|Any CPU.ActiveCfg = Debug|Any CPU
		{3819A550-DCEC-4153-91B4-8BA9F7F0B9B4}.Release|ARM.ActiveCfg = Debug|Any CPU
		{3819A550-DCEC-4153-91B4-8BA9F7F0B9B4}.Release|ARM.Build.0 = Debug|Any CPU
		{3819A550-DCEC-4153-91B4-8BA9F7F0B9B4}.Release|ARM64.ActiveCfg = Debug|Any CPU
		{3819A550-DCEC-4153-91B4-8BA9F7F0B9B4}.Release|ARM64.Build.0 = Debug|Any CPU
		{3819A550-DCEC-4153-91B4-8BA9F7F0B9B4}.Release|x64.ActiveCfg = Debug|Any CPU
		{3819A550-DCEC-4153-91B4-8BA9F7F0B9B4}.Release|x64.Build.0 = Debug|Any CPU
		{3819A550-DCEC-4153-91B4-8BA9F7F0B9B4}.Release|x86.ActiveCfg = Debug|Any CPU
		{3819A550-DCEC-4153-91B4-8BA9F7F0B9B4}.Release|x86.Build.0 = Debug|Any CPU
		{651E1350-91B6-44B7-BD60-7207006D7003}.Debug|Any CPU.ActiveCfg = Debug|Any CPU
		{651E1350-91B6-44B7-BD60-7207006D7003}.Debug|Any CPU.Build.0 = Debug|Any CPU
		{651E1350-91B6-44B7-BD60-7207006D7003}.Debug|ARM.ActiveCfg = Debug|Any CPU
		{651E1350-91B6-44B7-BD60-7207006D7003}.Debug|ARM.Build.0 = Debug|Any CPU
		{651E1350-91B6-44B7-BD60-7207006D7003}.Debug|ARM64.ActiveCfg = Debug|Any CPU
		{651E1350-91B6-44B7-BD60-7207006D7003}.Debug|ARM64.Build.0 = Debug|Any CPU
		{651E1350-91B6-44B7-BD60-7207006D7003}.Debug|x64.ActiveCfg = Debug|Any CPU
		{651E1350-91B6-44B7-BD60-7207006D7003}.Debug|x64.Build.0 = Debug|Any CPU
		{651E1350-91B6-44B7-BD60-7207006D7003}.Debug|x86.ActiveCfg = Debug|Any CPU
		{651E1350-91B6-44B7-BD60-7207006D7003}.Debug|x86.Build.0 = Debug|Any CPU
		{651E1350-91B6-44B7-BD60-7207006D7003}.Release|Any CPU.ActiveCfg = Release|Any CPU
		{651E1350-91B6-44B7-BD60-7207006D7003}.Release|Any CPU.Build.0 = Release|Any CPU
		{651E1350-91B6-44B7-BD60-7207006D7003}.Release|ARM.ActiveCfg = Release|Any CPU
		{651E1350-91B6-44B7-BD60-7207006D7003}.Release|ARM.Build.0 = Release|Any CPU
		{651E1350-91B6-44B7-BD60-7207006D7003}.Release|ARM64.ActiveCfg = Release|Any CPU
		{651E1350-91B6-44B7-BD60-7207006D7003}.Release|ARM64.Build.0 = Release|Any CPU
		{651E1350-91B6-44B7-BD60-7207006D7003}.Release|x64.ActiveCfg = Release|Any CPU
		{651E1350-91B6-44B7-BD60-7207006D7003}.Release|x64.Build.0 = Release|Any CPU
		{651E1350-91B6-44B7-BD60-7207006D7003}.Release|x86.ActiveCfg = Release|Any CPU
		{651E1350-91B6-44B7-BD60-7207006D7003}.Release|x86.Build.0 = Release|Any CPU
		{E469A9CE-1BEC-423F-AC44-713CD72457EA}.Debug|Any CPU.ActiveCfg = Debug|Any CPU
		{E469A9CE-1BEC-423F-AC44-713CD72457EA}.Debug|Any CPU.Build.0 = Debug|Any CPU
		{E469A9CE-1BEC-423F-AC44-713CD72457EA}.Debug|ARM.ActiveCfg = Debug|Any CPU
		{E469A9CE-1BEC-423F-AC44-713CD72457EA}.Debug|ARM.Build.0 = Debug|Any CPU
		{E469A9CE-1BEC-423F-AC44-713CD72457EA}.Debug|ARM64.ActiveCfg = Debug|Any CPU
		{E469A9CE-1BEC-423F-AC44-713CD72457EA}.Debug|ARM64.Build.0 = Debug|Any CPU
		{E469A9CE-1BEC-423F-AC44-713CD72457EA}.Debug|x64.ActiveCfg = Debug|Any CPU
		{E469A9CE-1BEC-423F-AC44-713CD72457EA}.Debug|x64.Build.0 = Debug|Any CPU
		{E469A9CE-1BEC-423F-AC44-713CD72457EA}.Debug|x86.ActiveCfg = Debug|Any CPU
		{E469A9CE-1BEC-423F-AC44-713CD72457EA}.Debug|x86.Build.0 = Debug|Any CPU
		{E469A9CE-1BEC-423F-AC44-713CD72457EA}.Release|Any CPU.ActiveCfg = Release|Any CPU
		{E469A9CE-1BEC-423F-AC44-713CD72457EA}.Release|Any CPU.Build.0 = Release|Any CPU
		{E469A9CE-1BEC-423F-AC44-713CD72457EA}.Release|ARM.ActiveCfg = Release|Any CPU
		{E469A9CE-1BEC-423F-AC44-713CD72457EA}.Release|ARM.Build.0 = Release|Any CPU
		{E469A9CE-1BEC-423F-AC44-713CD72457EA}.Release|ARM64.ActiveCfg = Release|Any CPU
		{E469A9CE-1BEC-423F-AC44-713CD72457EA}.Release|ARM64.Build.0 = Release|Any CPU
		{E469A9CE-1BEC-423F-AC44-713CD72457EA}.Release|x64.ActiveCfg = Release|Any CPU
		{E469A9CE-1BEC-423F-AC44-713CD72457EA}.Release|x64.Build.0 = Release|Any CPU
		{E469A9CE-1BEC-423F-AC44-713CD72457EA}.Release|x86.ActiveCfg = Release|Any CPU
		{E469A9CE-1BEC-423F-AC44-713CD72457EA}.Release|x86.Build.0 = Release|Any CPU
		{CCD75EC3-63DB-4184-B49D-51C1DD337230}.Debug|Any CPU.ActiveCfg = Debug|Any CPU
		{CCD75EC3-63DB-4184-B49D-51C1DD337230}.Debug|Any CPU.Build.0 = Debug|Any CPU
		{CCD75EC3-63DB-4184-B49D-51C1DD337230}.Debug|ARM.ActiveCfg = Debug|Any CPU
		{CCD75EC3-63DB-4184-B49D-51C1DD337230}.Debug|ARM.Build.0 = Debug|Any CPU
		{CCD75EC3-63DB-4184-B49D-51C1DD337230}.Debug|ARM64.ActiveCfg = Debug|Any CPU
		{CCD75EC3-63DB-4184-B49D-51C1DD337230}.Debug|ARM64.Build.0 = Debug|Any CPU
		{CCD75EC3-63DB-4184-B49D-51C1DD337230}.Debug|x64.ActiveCfg = Debug|Any CPU
		{CCD75EC3-63DB-4184-B49D-51C1DD337230}.Debug|x64.Build.0 = Debug|Any CPU
		{CCD75EC3-63DB-4184-B49D-51C1DD337230}.Debug|x86.ActiveCfg = Debug|Any CPU
		{CCD75EC3-63DB-4184-B49D-51C1DD337230}.Debug|x86.Build.0 = Debug|Any CPU
		{CCD75EC3-63DB-4184-B49D-51C1DD337230}.Release|Any CPU.ActiveCfg = Release|Any CPU
		{CCD75EC3-63DB-4184-B49D-51C1DD337230}.Release|Any CPU.Build.0 = Release|Any CPU
		{CCD75EC3-63DB-4184-B49D-51C1DD337230}.Release|ARM.ActiveCfg = Release|Any CPU
		{CCD75EC3-63DB-4184-B49D-51C1DD337230}.Release|ARM.Build.0 = Release|Any CPU
		{CCD75EC3-63DB-4184-B49D-51C1DD337230}.Release|ARM64.ActiveCfg = Release|Any CPU
		{CCD75EC3-63DB-4184-B49D-51C1DD337230}.Release|ARM64.Build.0 = Release|Any CPU
		{CCD75EC3-63DB-4184-B49D-51C1DD337230}.Release|x64.ActiveCfg = Release|Any CPU
		{CCD75EC3-63DB-4184-B49D-51C1DD337230}.Release|x64.Build.0 = Release|Any CPU
		{CCD75EC3-63DB-4184-B49D-51C1DD337230}.Release|x86.ActiveCfg = Release|Any CPU
		{CCD75EC3-63DB-4184-B49D-51C1DD337230}.Release|x86.Build.0 = Release|Any CPU
		{511F6D8D-7717-440A-9A57-A507E9A8B27F}.Debug|Any CPU.ActiveCfg = Debug|Any CPU
		{511F6D8D-7717-440A-9A57-A507E9A8B27F}.Debug|Any CPU.Build.0 = Debug|Any CPU
		{511F6D8D-7717-440A-9A57-A507E9A8B27F}.Debug|ARM.ActiveCfg = Debug|Any CPU
		{511F6D8D-7717-440A-9A57-A507E9A8B27F}.Debug|ARM.Build.0 = Debug|Any CPU
		{511F6D8D-7717-440A-9A57-A507E9A8B27F}.Debug|ARM64.ActiveCfg = Debug|Any CPU
		{511F6D8D-7717-440A-9A57-A507E9A8B27F}.Debug|ARM64.Build.0 = Debug|Any CPU
		{511F6D8D-7717-440A-9A57-A507E9A8B27F}.Debug|x64.ActiveCfg = Debug|Any CPU
		{511F6D8D-7717-440A-9A57-A507E9A8B27F}.Debug|x64.Build.0 = Debug|Any CPU
		{511F6D8D-7717-440A-9A57-A507E9A8B27F}.Debug|x86.ActiveCfg = Debug|Any CPU
		{511F6D8D-7717-440A-9A57-A507E9A8B27F}.Debug|x86.Build.0 = Debug|Any CPU
		{511F6D8D-7717-440A-9A57-A507E9A8B27F}.Release|Any CPU.ActiveCfg = Release|Any CPU
		{511F6D8D-7717-440A-9A57-A507E9A8B27F}.Release|Any CPU.Build.0 = Release|Any CPU
		{511F6D8D-7717-440A-9A57-A507E9A8B27F}.Release|ARM.ActiveCfg = Release|Any CPU
		{511F6D8D-7717-440A-9A57-A507E9A8B27F}.Release|ARM.Build.0 = Release|Any CPU
		{511F6D8D-7717-440A-9A57-A507E9A8B27F}.Release|ARM64.ActiveCfg = Release|Any CPU
		{511F6D8D-7717-440A-9A57-A507E9A8B27F}.Release|ARM64.Build.0 = Release|Any CPU
		{511F6D8D-7717-440A-9A57-A507E9A8B27F}.Release|x64.ActiveCfg = Release|Any CPU
		{511F6D8D-7717-440A-9A57-A507E9A8B27F}.Release|x64.Build.0 = Release|Any CPU
		{511F6D8D-7717-440A-9A57-A507E9A8B27F}.Release|x86.ActiveCfg = Release|Any CPU
		{511F6D8D-7717-440A-9A57-A507E9A8B27F}.Release|x86.Build.0 = Release|Any CPU
		{255F5DF1-4E43-4758-AC05-7A0B68EB021B}.Debug|Any CPU.ActiveCfg = Debug|Any CPU
		{255F5DF1-4E43-4758-AC05-7A0B68EB021B}.Debug|Any CPU.Build.0 = Debug|Any CPU
		{255F5DF1-4E43-4758-AC05-7A0B68EB021B}.Debug|ARM.ActiveCfg = Debug|Any CPU
		{255F5DF1-4E43-4758-AC05-7A0B68EB021B}.Debug|ARM.Build.0 = Debug|Any CPU
		{255F5DF1-4E43-4758-AC05-7A0B68EB021B}.Debug|ARM64.ActiveCfg = Debug|Any CPU
		{255F5DF1-4E43-4758-AC05-7A0B68EB021B}.Debug|ARM64.Build.0 = Debug|Any CPU
		{255F5DF1-4E43-4758-AC05-7A0B68EB021B}.Debug|x64.ActiveCfg = Debug|Any CPU
		{255F5DF1-4E43-4758-AC05-7A0B68EB021B}.Debug|x64.Build.0 = Debug|Any CPU
		{255F5DF1-4E43-4758-AC05-7A0B68EB021B}.Debug|x86.ActiveCfg = Debug|Any CPU
		{255F5DF1-4E43-4758-AC05-7A0B68EB021B}.Debug|x86.Build.0 = Debug|Any CPU
		{255F5DF1-4E43-4758-AC05-7A0B68EB021B}.Release|Any CPU.ActiveCfg = Release|Any CPU
		{255F5DF1-4E43-4758-AC05-7A0B68EB021B}.Release|Any CPU.Build.0 = Release|Any CPU
		{255F5DF1-4E43-4758-AC05-7A0B68EB021B}.Release|ARM.ActiveCfg = Release|Any CPU
		{255F5DF1-4E43-4758-AC05-7A0B68EB021B}.Release|ARM.Build.0 = Release|Any CPU
		{255F5DF1-4E43-4758-AC05-7A0B68EB021B}.Release|ARM64.ActiveCfg = Release|Any CPU
		{255F5DF1-4E43-4758-AC05-7A0B68EB021B}.Release|ARM64.Build.0 = Release|Any CPU
		{255F5DF1-4E43-4758-AC05-7A0B68EB021B}.Release|x64.ActiveCfg = Release|Any CPU
		{255F5DF1-4E43-4758-AC05-7A0B68EB021B}.Release|x64.Build.0 = Release|Any CPU
		{255F5DF1-4E43-4758-AC05-7A0B68EB021B}.Release|x86.ActiveCfg = Release|Any CPU
		{255F5DF1-4E43-4758-AC05-7A0B68EB021B}.Release|x86.Build.0 = Release|Any CPU
		{D7636876-0756-43CB-A192-138C6F0D5E42}.Debug|Any CPU.ActiveCfg = Debug|Any CPU
		{D7636876-0756-43CB-A192-138C6F0D5E42}.Debug|Any CPU.Build.0 = Debug|Any CPU
		{D7636876-0756-43CB-A192-138C6F0D5E42}.Debug|ARM.ActiveCfg = Debug|Any CPU
		{D7636876-0756-43CB-A192-138C6F0D5E42}.Debug|ARM.Build.0 = Debug|Any CPU
		{D7636876-0756-43CB-A192-138C6F0D5E42}.Debug|ARM64.ActiveCfg = Debug|Any CPU
		{D7636876-0756-43CB-A192-138C6F0D5E42}.Debug|ARM64.Build.0 = Debug|Any CPU
		{D7636876-0756-43CB-A192-138C6F0D5E42}.Debug|x64.ActiveCfg = Debug|Any CPU
		{D7636876-0756-43CB-A192-138C6F0D5E42}.Debug|x64.Build.0 = Debug|Any CPU
		{D7636876-0756-43CB-A192-138C6F0D5E42}.Debug|x86.ActiveCfg = Debug|Any CPU
		{D7636876-0756-43CB-A192-138C6F0D5E42}.Debug|x86.Build.0 = Debug|Any CPU
		{D7636876-0756-43CB-A192-138C6F0D5E42}.Release|Any CPU.ActiveCfg = Release|Any CPU
		{D7636876-0756-43CB-A192-138C6F0D5E42}.Release|Any CPU.Build.0 = Release|Any CPU
		{D7636876-0756-43CB-A192-138C6F0D5E42}.Release|ARM.ActiveCfg = Release|Any CPU
		{D7636876-0756-43CB-A192-138C6F0D5E42}.Release|ARM.Build.0 = Release|Any CPU
		{D7636876-0756-43CB-A192-138C6F0D5E42}.Release|ARM64.ActiveCfg = Release|Any CPU
		{D7636876-0756-43CB-A192-138C6F0D5E42}.Release|ARM64.Build.0 = Release|Any CPU
		{D7636876-0756-43CB-A192-138C6F0D5E42}.Release|x64.ActiveCfg = Release|Any CPU
		{D7636876-0756-43CB-A192-138C6F0D5E42}.Release|x64.Build.0 = Release|Any CPU
		{D7636876-0756-43CB-A192-138C6F0D5E42}.Release|x86.ActiveCfg = Release|Any CPU
		{D7636876-0756-43CB-A192-138C6F0D5E42}.Release|x86.Build.0 = Release|Any CPU
		{C7CB79F0-1C97-4B33-BFA7-00731B579AE2}.Debug|Any CPU.ActiveCfg = Debug|Any CPU
		{C7CB79F0-1C97-4B33-BFA7-00731B579AE2}.Debug|Any CPU.Build.0 = Debug|Any CPU
		{C7CB79F0-1C97-4B33-BFA7-00731B579AE2}.Debug|ARM.ActiveCfg = Debug|Any CPU
		{C7CB79F0-1C97-4B33-BFA7-00731B579AE2}.Debug|ARM.Build.0 = Debug|Any CPU
		{C7CB79F0-1C97-4B33-BFA7-00731B579AE2}.Debug|ARM64.ActiveCfg = Debug|Any CPU
		{C7CB79F0-1C97-4B33-BFA7-00731B579AE2}.Debug|ARM64.Build.0 = Debug|Any CPU
		{C7CB79F0-1C97-4B33-BFA7-00731B579AE2}.Debug|x64.ActiveCfg = Debug|Any CPU
		{C7CB79F0-1C97-4B33-BFA7-00731B579AE2}.Debug|x64.Build.0 = Debug|Any CPU
		{C7CB79F0-1C97-4B33-BFA7-00731B579AE2}.Debug|x86.ActiveCfg = Debug|Any CPU
		{C7CB79F0-1C97-4B33-BFA7-00731B579AE2}.Debug|x86.Build.0 = Debug|Any CPU
		{C7CB79F0-1C97-4B33-BFA7-00731B579AE2}.Release|Any CPU.ActiveCfg = Release|Any CPU
		{C7CB79F0-1C97-4B33-BFA7-00731B579AE2}.Release|Any CPU.Build.0 = Release|Any CPU
		{C7CB79F0-1C97-4B33-BFA7-00731B579AE2}.Release|ARM.ActiveCfg = Release|Any CPU
		{C7CB79F0-1C97-4B33-BFA7-00731B579AE2}.Release|ARM.Build.0 = Release|Any CPU
		{C7CB79F0-1C97-4B33-BFA7-00731B579AE2}.Release|ARM64.ActiveCfg = Release|Any CPU
		{C7CB79F0-1C97-4B33-BFA7-00731B579AE2}.Release|ARM64.Build.0 = Release|Any CPU
		{C7CB79F0-1C97-4B33-BFA7-00731B579AE2}.Release|x64.ActiveCfg = Release|Any CPU
		{C7CB79F0-1C97-4B33-BFA7-00731B579AE2}.Release|x64.Build.0 = Release|Any CPU
		{C7CB79F0-1C97-4B33-BFA7-00731B579AE2}.Release|x86.ActiveCfg = Release|Any CPU
		{C7CB79F0-1C97-4B33-BFA7-00731B579AE2}.Release|x86.Build.0 = Release|Any CPU
		{6EDD2061-82F2-461B-BB6E-879245A832DE}.Debug|Any CPU.ActiveCfg = Debug|Any CPU
		{6EDD2061-82F2-461B-BB6E-879245A832DE}.Debug|Any CPU.Build.0 = Debug|Any CPU
		{6EDD2061-82F2-461B-BB6E-879245A832DE}.Debug|ARM.ActiveCfg = Debug|Any CPU
		{6EDD2061-82F2-461B-BB6E-879245A832DE}.Debug|ARM.Build.0 = Debug|Any CPU
		{6EDD2061-82F2-461B-BB6E-879245A832DE}.Debug|ARM64.ActiveCfg = Debug|Any CPU
		{6EDD2061-82F2-461B-BB6E-879245A832DE}.Debug|ARM64.Build.0 = Debug|Any CPU
		{6EDD2061-82F2-461B-BB6E-879245A832DE}.Debug|x64.ActiveCfg = Debug|Any CPU
		{6EDD2061-82F2-461B-BB6E-879245A832DE}.Debug|x64.Build.0 = Debug|Any CPU
		{6EDD2061-82F2-461B-BB6E-879245A832DE}.Debug|x86.ActiveCfg = Debug|Any CPU
		{6EDD2061-82F2-461B-BB6E-879245A832DE}.Debug|x86.Build.0 = Debug|Any CPU
		{6EDD2061-82F2-461B-BB6E-879245A832DE}.Release|Any CPU.ActiveCfg = Release|Any CPU
		{6EDD2061-82F2-461B-BB6E-879245A832DE}.Release|Any CPU.Build.0 = Release|Any CPU
		{6EDD2061-82F2-461B-BB6E-879245A832DE}.Release|ARM.ActiveCfg = Release|Any CPU
		{6EDD2061-82F2-461B-BB6E-879245A832DE}.Release|ARM.Build.0 = Release|Any CPU
		{6EDD2061-82F2-461B-BB6E-879245A832DE}.Release|ARM64.ActiveCfg = Release|Any CPU
		{6EDD2061-82F2-461B-BB6E-879245A832DE}.Release|ARM64.Build.0 = Release|Any CPU
		{6EDD2061-82F2-461B-BB6E-879245A832DE}.Release|x64.ActiveCfg = Release|Any CPU
		{6EDD2061-82F2-461B-BB6E-879245A832DE}.Release|x64.Build.0 = Release|Any CPU
		{6EDD2061-82F2-461B-BB6E-879245A832DE}.Release|x86.ActiveCfg = Release|Any CPU
		{6EDD2061-82F2-461B-BB6E-879245A832DE}.Release|x86.Build.0 = Release|Any CPU
		{5BA5425F-27A7-4677-865E-82246498AA2E}.Debug|Any CPU.ActiveCfg = Debug|Any CPU
		{5BA5425F-27A7-4677-865E-82246498AA2E}.Debug|Any CPU.Build.0 = Debug|Any CPU
		{5BA5425F-27A7-4677-865E-82246498AA2E}.Debug|ARM.ActiveCfg = Debug|Any CPU
		{5BA5425F-27A7-4677-865E-82246498AA2E}.Debug|ARM.Build.0 = Debug|Any CPU
		{5BA5425F-27A7-4677-865E-82246498AA2E}.Debug|ARM64.ActiveCfg = Debug|Any CPU
		{5BA5425F-27A7-4677-865E-82246498AA2E}.Debug|ARM64.Build.0 = Debug|Any CPU
		{5BA5425F-27A7-4677-865E-82246498AA2E}.Debug|x64.ActiveCfg = Debug|Any CPU
		{5BA5425F-27A7-4677-865E-82246498AA2E}.Debug|x64.Build.0 = Debug|Any CPU
		{5BA5425F-27A7-4677-865E-82246498AA2E}.Debug|x86.ActiveCfg = Debug|Any CPU
		{5BA5425F-27A7-4677-865E-82246498AA2E}.Debug|x86.Build.0 = Debug|Any CPU
		{5BA5425F-27A7-4677-865E-82246498AA2E}.Release|Any CPU.ActiveCfg = Release|Any CPU
		{5BA5425F-27A7-4677-865E-82246498AA2E}.Release|Any CPU.Build.0 = Release|Any CPU
		{5BA5425F-27A7-4677-865E-82246498AA2E}.Release|ARM.ActiveCfg = Release|Any CPU
		{5BA5425F-27A7-4677-865E-82246498AA2E}.Release|ARM.Build.0 = Release|Any CPU
		{5BA5425F-27A7-4677-865E-82246498AA2E}.Release|ARM64.ActiveCfg = Release|Any CPU
		{5BA5425F-27A7-4677-865E-82246498AA2E}.Release|ARM64.Build.0 = Release|Any CPU
		{5BA5425F-27A7-4677-865E-82246498AA2E}.Release|x64.ActiveCfg = Release|Any CPU
		{5BA5425F-27A7-4677-865E-82246498AA2E}.Release|x64.Build.0 = Release|Any CPU
		{5BA5425F-27A7-4677-865E-82246498AA2E}.Release|x86.ActiveCfg = Release|Any CPU
		{5BA5425F-27A7-4677-865E-82246498AA2E}.Release|x86.Build.0 = Release|Any CPU
		{89C09045-1064-466B-B94A-DB3AFE2A5853}.Debug|Any CPU.ActiveCfg = Debug|Any CPU
		{89C09045-1064-466B-B94A-DB3AFE2A5853}.Debug|Any CPU.Build.0 = Debug|Any CPU
		{89C09045-1064-466B-B94A-DB3AFE2A5853}.Debug|ARM.ActiveCfg = Debug|Any CPU
		{89C09045-1064-466B-B94A-DB3AFE2A5853}.Debug|ARM.Build.0 = Debug|Any CPU
		{89C09045-1064-466B-B94A-DB3AFE2A5853}.Debug|ARM64.ActiveCfg = Debug|Any CPU
		{89C09045-1064-466B-B94A-DB3AFE2A5853}.Debug|ARM64.Build.0 = Debug|Any CPU
		{89C09045-1064-466B-B94A-DB3AFE2A5853}.Debug|x64.ActiveCfg = Debug|Any CPU
		{89C09045-1064-466B-B94A-DB3AFE2A5853}.Debug|x64.Build.0 = Debug|Any CPU
		{89C09045-1064-466B-B94A-DB3AFE2A5853}.Debug|x86.ActiveCfg = Debug|Any CPU
		{89C09045-1064-466B-B94A-DB3AFE2A5853}.Debug|x86.Build.0 = Debug|Any CPU
		{89C09045-1064-466B-B94A-DB3AFE2A5853}.Release|Any CPU.ActiveCfg = Release|Any CPU
		{89C09045-1064-466B-B94A-DB3AFE2A5853}.Release|Any CPU.Build.0 = Release|Any CPU
		{89C09045-1064-466B-B94A-DB3AFE2A5853}.Release|ARM.ActiveCfg = Release|Any CPU
		{89C09045-1064-466B-B94A-DB3AFE2A5853}.Release|ARM.Build.0 = Release|Any CPU
		{89C09045-1064-466B-B94A-DB3AFE2A5853}.Release|ARM64.ActiveCfg = Release|Any CPU
		{89C09045-1064-466B-B94A-DB3AFE2A5853}.Release|ARM64.Build.0 = Release|Any CPU
		{89C09045-1064-466B-B94A-DB3AFE2A5853}.Release|x64.ActiveCfg = Release|Any CPU
		{89C09045-1064-466B-B94A-DB3AFE2A5853}.Release|x64.Build.0 = Release|Any CPU
		{89C09045-1064-466B-B94A-DB3AFE2A5853}.Release|x86.ActiveCfg = Release|Any CPU
		{89C09045-1064-466B-B94A-DB3AFE2A5853}.Release|x86.Build.0 = Release|Any CPU
		{31785BC3-256C-4613-B2F5-A1B0BDDED8C1}.Debug|Any CPU.ActiveCfg = Debug|Any CPU
		{31785BC3-256C-4613-B2F5-A1B0BDDED8C1}.Debug|Any CPU.Build.0 = Debug|Any CPU
		{31785BC3-256C-4613-B2F5-A1B0BDDED8C1}.Debug|ARM.ActiveCfg = Debug|Any CPU
		{31785BC3-256C-4613-B2F5-A1B0BDDED8C1}.Debug|ARM.Build.0 = Debug|Any CPU
		{31785BC3-256C-4613-B2F5-A1B0BDDED8C1}.Debug|ARM64.ActiveCfg = Debug|Any CPU
		{31785BC3-256C-4613-B2F5-A1B0BDDED8C1}.Debug|ARM64.Build.0 = Debug|Any CPU
		{31785BC3-256C-4613-B2F5-A1B0BDDED8C1}.Debug|x64.ActiveCfg = Debug|Any CPU
		{31785BC3-256C-4613-B2F5-A1B0BDDED8C1}.Debug|x64.Build.0 = Debug|Any CPU
		{31785BC3-256C-4613-B2F5-A1B0BDDED8C1}.Debug|x86.ActiveCfg = Debug|Any CPU
		{31785BC3-256C-4613-B2F5-A1B0BDDED8C1}.Debug|x86.Build.0 = Debug|Any CPU
		{31785BC3-256C-4613-B2F5-A1B0BDDED8C1}.Release|Any CPU.ActiveCfg = Release|Any CPU
		{31785BC3-256C-4613-B2F5-A1B0BDDED8C1}.Release|Any CPU.Build.0 = Release|Any CPU
		{31785BC3-256C-4613-B2F5-A1B0BDDED8C1}.Release|ARM.ActiveCfg = Release|Any CPU
		{31785BC3-256C-4613-B2F5-A1B0BDDED8C1}.Release|ARM.Build.0 = Release|Any CPU
		{31785BC3-256C-4613-B2F5-A1B0BDDED8C1}.Release|ARM64.ActiveCfg = Release|Any CPU
		{31785BC3-256C-4613-B2F5-A1B0BDDED8C1}.Release|ARM64.Build.0 = Release|Any CPU
		{31785BC3-256C-4613-B2F5-A1B0BDDED8C1}.Release|x64.ActiveCfg = Release|Any CPU
		{31785BC3-256C-4613-B2F5-A1B0BDDED8C1}.Release|x64.Build.0 = Release|Any CPU
		{31785BC3-256C-4613-B2F5-A1B0BDDED8C1}.Release|x86.ActiveCfg = Release|Any CPU
		{31785BC3-256C-4613-B2F5-A1B0BDDED8C1}.Release|x86.Build.0 = Release|Any CPU
		{5D3B8245-ADA6-453F-A008-50ED04BFE770}.Debug|Any CPU.ActiveCfg = Debug|Any CPU
		{5D3B8245-ADA6-453F-A008-50ED04BFE770}.Debug|Any CPU.Build.0 = Debug|Any CPU
		{5D3B8245-ADA6-453F-A008-50ED04BFE770}.Debug|ARM.ActiveCfg = Debug|Any CPU
		{5D3B8245-ADA6-453F-A008-50ED04BFE770}.Debug|ARM.Build.0 = Debug|Any CPU
		{5D3B8245-ADA6-453F-A008-50ED04BFE770}.Debug|ARM64.ActiveCfg = Debug|Any CPU
		{5D3B8245-ADA6-453F-A008-50ED04BFE770}.Debug|ARM64.Build.0 = Debug|Any CPU
		{5D3B8245-ADA6-453F-A008-50ED04BFE770}.Debug|x64.ActiveCfg = Debug|Any CPU
		{5D3B8245-ADA6-453F-A008-50ED04BFE770}.Debug|x64.Build.0 = Debug|Any CPU
		{5D3B8245-ADA6-453F-A008-50ED04BFE770}.Debug|x86.ActiveCfg = Debug|Any CPU
		{5D3B8245-ADA6-453F-A008-50ED04BFE770}.Debug|x86.Build.0 = Debug|Any CPU
		{5D3B8245-ADA6-453F-A008-50ED04BFE770}.Release|Any CPU.ActiveCfg = Release|Any CPU
		{5D3B8245-ADA6-453F-A008-50ED04BFE770}.Release|Any CPU.Build.0 = Release|Any CPU
		{5D3B8245-ADA6-453F-A008-50ED04BFE770}.Release|ARM.ActiveCfg = Release|Any CPU
		{5D3B8245-ADA6-453F-A008-50ED04BFE770}.Release|ARM.Build.0 = Release|Any CPU
		{5D3B8245-ADA6-453F-A008-50ED04BFE770}.Release|ARM64.ActiveCfg = Release|Any CPU
		{5D3B8245-ADA6-453F-A008-50ED04BFE770}.Release|ARM64.Build.0 = Release|Any CPU
		{5D3B8245-ADA6-453F-A008-50ED04BFE770}.Release|x64.ActiveCfg = Release|Any CPU
		{5D3B8245-ADA6-453F-A008-50ED04BFE770}.Release|x64.Build.0 = Release|Any CPU
		{5D3B8245-ADA6-453F-A008-50ED04BFE770}.Release|x86.ActiveCfg = Release|Any CPU
		{5D3B8245-ADA6-453F-A008-50ED04BFE770}.Release|x86.Build.0 = Release|Any CPU
		{07FBC26B-2927-4A22-8D96-D644C667FECC}.Debug|Any CPU.ActiveCfg = Debug|Any CPU
		{07FBC26B-2927-4A22-8D96-D644C667FECC}.Debug|Any CPU.Build.0 = Debug|Any CPU
		{07FBC26B-2927-4A22-8D96-D644C667FECC}.Debug|ARM.ActiveCfg = Debug|Any CPU
		{07FBC26B-2927-4A22-8D96-D644C667FECC}.Debug|ARM.Build.0 = Debug|Any CPU
		{07FBC26B-2927-4A22-8D96-D644C667FECC}.Debug|ARM64.ActiveCfg = Debug|Any CPU
		{07FBC26B-2927-4A22-8D96-D644C667FECC}.Debug|ARM64.Build.0 = Debug|Any CPU
		{07FBC26B-2927-4A22-8D96-D644C667FECC}.Debug|x64.ActiveCfg = Debug|Any CPU
		{07FBC26B-2927-4A22-8D96-D644C667FECC}.Debug|x64.Build.0 = Debug|Any CPU
		{07FBC26B-2927-4A22-8D96-D644C667FECC}.Debug|x86.ActiveCfg = Debug|Any CPU
		{07FBC26B-2927-4A22-8D96-D644C667FECC}.Debug|x86.Build.0 = Debug|Any CPU
		{07FBC26B-2927-4A22-8D96-D644C667FECC}.Release|Any CPU.ActiveCfg = Release|Any CPU
		{07FBC26B-2927-4A22-8D96-D644C667FECC}.Release|Any CPU.Build.0 = Release|Any CPU
		{07FBC26B-2927-4A22-8D96-D644C667FECC}.Release|ARM.ActiveCfg = Release|Any CPU
		{07FBC26B-2927-4A22-8D96-D644C667FECC}.Release|ARM.Build.0 = Release|Any CPU
		{07FBC26B-2927-4A22-8D96-D644C667FECC}.Release|ARM64.ActiveCfg = Release|Any CPU
		{07FBC26B-2927-4A22-8D96-D644C667FECC}.Release|ARM64.Build.0 = Release|Any CPU
		{07FBC26B-2927-4A22-8D96-D644C667FECC}.Release|x64.ActiveCfg = Release|Any CPU
		{07FBC26B-2927-4A22-8D96-D644C667FECC}.Release|x64.Build.0 = Release|Any CPU
		{07FBC26B-2927-4A22-8D96-D644C667FECC}.Release|x86.ActiveCfg = Release|Any CPU
		{07FBC26B-2927-4A22-8D96-D644C667FECC}.Release|x86.Build.0 = Release|Any CPU
		{86DEB346-089F-4106-89C8-D852B9CF2A33}.Debug|Any CPU.ActiveCfg = Debug|Any CPU
		{86DEB346-089F-4106-89C8-D852B9CF2A33}.Debug|Any CPU.Build.0 = Debug|Any CPU
		{86DEB346-089F-4106-89C8-D852B9CF2A33}.Debug|ARM.ActiveCfg = Debug|Any CPU
		{86DEB346-089F-4106-89C8-D852B9CF2A33}.Debug|ARM.Build.0 = Debug|Any CPU
		{86DEB346-089F-4106-89C8-D852B9CF2A33}.Debug|ARM64.ActiveCfg = Debug|Any CPU
		{86DEB346-089F-4106-89C8-D852B9CF2A33}.Debug|ARM64.Build.0 = Debug|Any CPU
		{86DEB346-089F-4106-89C8-D852B9CF2A33}.Debug|x64.ActiveCfg = Debug|Any CPU
		{86DEB346-089F-4106-89C8-D852B9CF2A33}.Debug|x64.Build.0 = Debug|Any CPU
		{86DEB346-089F-4106-89C8-D852B9CF2A33}.Debug|x86.ActiveCfg = Debug|Any CPU
		{86DEB346-089F-4106-89C8-D852B9CF2A33}.Debug|x86.Build.0 = Debug|Any CPU
		{86DEB346-089F-4106-89C8-D852B9CF2A33}.Release|Any CPU.ActiveCfg = Release|Any CPU
		{86DEB346-089F-4106-89C8-D852B9CF2A33}.Release|Any CPU.Build.0 = Release|Any CPU
		{86DEB346-089F-4106-89C8-D852B9CF2A33}.Release|ARM.ActiveCfg = Release|Any CPU
		{86DEB346-089F-4106-89C8-D852B9CF2A33}.Release|ARM.Build.0 = Release|Any CPU
		{86DEB346-089F-4106-89C8-D852B9CF2A33}.Release|ARM64.ActiveCfg = Release|Any CPU
		{86DEB346-089F-4106-89C8-D852B9CF2A33}.Release|ARM64.Build.0 = Release|Any CPU
		{86DEB346-089F-4106-89C8-D852B9CF2A33}.Release|x64.ActiveCfg = Release|Any CPU
		{86DEB346-089F-4106-89C8-D852B9CF2A33}.Release|x64.Build.0 = Release|Any CPU
		{86DEB346-089F-4106-89C8-D852B9CF2A33}.Release|x86.ActiveCfg = Release|Any CPU
		{86DEB346-089F-4106-89C8-D852B9CF2A33}.Release|x86.Build.0 = Release|Any CPU
		{54F54202-2ED4-4631-B9D8-6A93BC42F641}.Debug|Any CPU.ActiveCfg = Debug|Any CPU
		{54F54202-2ED4-4631-B9D8-6A93BC42F641}.Debug|Any CPU.Build.0 = Debug|Any CPU
		{54F54202-2ED4-4631-B9D8-6A93BC42F641}.Debug|ARM.ActiveCfg = Debug|Any CPU
		{54F54202-2ED4-4631-B9D8-6A93BC42F641}.Debug|ARM.Build.0 = Debug|Any CPU
		{54F54202-2ED4-4631-B9D8-6A93BC42F641}.Debug|ARM64.ActiveCfg = Debug|Any CPU
		{54F54202-2ED4-4631-B9D8-6A93BC42F641}.Debug|ARM64.Build.0 = Debug|Any CPU
		{54F54202-2ED4-4631-B9D8-6A93BC42F641}.Debug|x64.ActiveCfg = Debug|Any CPU
		{54F54202-2ED4-4631-B9D8-6A93BC42F641}.Debug|x64.Build.0 = Debug|Any CPU
		{54F54202-2ED4-4631-B9D8-6A93BC42F641}.Debug|x86.ActiveCfg = Debug|Any CPU
		{54F54202-2ED4-4631-B9D8-6A93BC42F641}.Debug|x86.Build.0 = Debug|Any CPU
		{54F54202-2ED4-4631-B9D8-6A93BC42F641}.Release|Any CPU.ActiveCfg = Release|Any CPU
		{54F54202-2ED4-4631-B9D8-6A93BC42F641}.Release|Any CPU.Build.0 = Release|Any CPU
		{54F54202-2ED4-4631-B9D8-6A93BC42F641}.Release|ARM.ActiveCfg = Release|Any CPU
		{54F54202-2ED4-4631-B9D8-6A93BC42F641}.Release|ARM.Build.0 = Release|Any CPU
		{54F54202-2ED4-4631-B9D8-6A93BC42F641}.Release|ARM64.ActiveCfg = Release|Any CPU
		{54F54202-2ED4-4631-B9D8-6A93BC42F641}.Release|ARM64.Build.0 = Release|Any CPU
		{54F54202-2ED4-4631-B9D8-6A93BC42F641}.Release|x64.ActiveCfg = Release|Any CPU
		{54F54202-2ED4-4631-B9D8-6A93BC42F641}.Release|x64.Build.0 = Release|Any CPU
		{54F54202-2ED4-4631-B9D8-6A93BC42F641}.Release|x86.ActiveCfg = Release|Any CPU
		{54F54202-2ED4-4631-B9D8-6A93BC42F641}.Release|x86.Build.0 = Release|Any CPU
		{CB91FFE3-EA54-4D5B-A518-E6F2720D757F}.Debug|Any CPU.ActiveCfg = Debug|Any CPU
		{CB91FFE3-EA54-4D5B-A518-E6F2720D757F}.Debug|Any CPU.Build.0 = Debug|Any CPU
		{CB91FFE3-EA54-4D5B-A518-E6F2720D757F}.Debug|ARM.ActiveCfg = Debug|Any CPU
		{CB91FFE3-EA54-4D5B-A518-E6F2720D757F}.Debug|ARM.Build.0 = Debug|Any CPU
		{CB91FFE3-EA54-4D5B-A518-E6F2720D757F}.Debug|ARM64.ActiveCfg = Debug|Any CPU
		{CB91FFE3-EA54-4D5B-A518-E6F2720D757F}.Debug|ARM64.Build.0 = Debug|Any CPU
		{CB91FFE3-EA54-4D5B-A518-E6F2720D757F}.Debug|x64.ActiveCfg = Debug|Any CPU
		{CB91FFE3-EA54-4D5B-A518-E6F2720D757F}.Debug|x64.Build.0 = Debug|Any CPU
		{CB91FFE3-EA54-4D5B-A518-E6F2720D757F}.Debug|x86.ActiveCfg = Debug|Any CPU
		{CB91FFE3-EA54-4D5B-A518-E6F2720D757F}.Debug|x86.Build.0 = Debug|Any CPU
		{CB91FFE3-EA54-4D5B-A518-E6F2720D757F}.Release|Any CPU.ActiveCfg = Release|Any CPU
		{CB91FFE3-EA54-4D5B-A518-E6F2720D757F}.Release|Any CPU.Build.0 = Release|Any CPU
		{CB91FFE3-EA54-4D5B-A518-E6F2720D757F}.Release|ARM.ActiveCfg = Release|Any CPU
		{CB91FFE3-EA54-4D5B-A518-E6F2720D757F}.Release|ARM.Build.0 = Release|Any CPU
		{CB91FFE3-EA54-4D5B-A518-E6F2720D757F}.Release|ARM64.ActiveCfg = Release|Any CPU
		{CB91FFE3-EA54-4D5B-A518-E6F2720D757F}.Release|ARM64.Build.0 = Release|Any CPU
		{CB91FFE3-EA54-4D5B-A518-E6F2720D757F}.Release|x64.ActiveCfg = Release|Any CPU
		{CB91FFE3-EA54-4D5B-A518-E6F2720D757F}.Release|x64.Build.0 = Release|Any CPU
		{CB91FFE3-EA54-4D5B-A518-E6F2720D757F}.Release|x86.ActiveCfg = Release|Any CPU
		{CB91FFE3-EA54-4D5B-A518-E6F2720D757F}.Release|x86.Build.0 = Release|Any CPU
		{53A20E75-5617-4A05-8583-7B968A6950A5}.Debug|Any CPU.ActiveCfg = Debug|Any CPU
		{53A20E75-5617-4A05-8583-7B968A6950A5}.Debug|Any CPU.Build.0 = Debug|Any CPU
		{53A20E75-5617-4A05-8583-7B968A6950A5}.Debug|ARM.ActiveCfg = Debug|Any CPU
		{53A20E75-5617-4A05-8583-7B968A6950A5}.Debug|ARM.Build.0 = Debug|Any CPU
		{53A20E75-5617-4A05-8583-7B968A6950A5}.Debug|ARM64.ActiveCfg = Debug|Any CPU
		{53A20E75-5617-4A05-8583-7B968A6950A5}.Debug|ARM64.Build.0 = Debug|Any CPU
		{53A20E75-5617-4A05-8583-7B968A6950A5}.Debug|x64.ActiveCfg = Debug|Any CPU
		{53A20E75-5617-4A05-8583-7B968A6950A5}.Debug|x64.Build.0 = Debug|Any CPU
		{53A20E75-5617-4A05-8583-7B968A6950A5}.Debug|x86.ActiveCfg = Debug|Any CPU
		{53A20E75-5617-4A05-8583-7B968A6950A5}.Debug|x86.Build.0 = Debug|Any CPU
		{53A20E75-5617-4A05-8583-7B968A6950A5}.Release|Any CPU.ActiveCfg = Release|Any CPU
		{53A20E75-5617-4A05-8583-7B968A6950A5}.Release|Any CPU.Build.0 = Release|Any CPU
		{53A20E75-5617-4A05-8583-7B968A6950A5}.Release|ARM.ActiveCfg = Release|Any CPU
		{53A20E75-5617-4A05-8583-7B968A6950A5}.Release|ARM.Build.0 = Release|Any CPU
		{53A20E75-5617-4A05-8583-7B968A6950A5}.Release|ARM64.ActiveCfg = Release|Any CPU
		{53A20E75-5617-4A05-8583-7B968A6950A5}.Release|ARM64.Build.0 = Release|Any CPU
		{53A20E75-5617-4A05-8583-7B968A6950A5}.Release|x64.ActiveCfg = Release|Any CPU
		{53A20E75-5617-4A05-8583-7B968A6950A5}.Release|x64.Build.0 = Release|Any CPU
		{53A20E75-5617-4A05-8583-7B968A6950A5}.Release|x86.ActiveCfg = Release|Any CPU
		{53A20E75-5617-4A05-8583-7B968A6950A5}.Release|x86.Build.0 = Release|Any CPU
		{8676B298-5256-4ABD-9C4C-ED0E2B853EA2}.Debug|Any CPU.ActiveCfg = Debug|Any CPU
		{8676B298-5256-4ABD-9C4C-ED0E2B853EA2}.Debug|Any CPU.Build.0 = Debug|Any CPU
		{8676B298-5256-4ABD-9C4C-ED0E2B853EA2}.Debug|ARM.ActiveCfg = Debug|Any CPU
		{8676B298-5256-4ABD-9C4C-ED0E2B853EA2}.Debug|ARM64.ActiveCfg = Debug|Any CPU
		{8676B298-5256-4ABD-9C4C-ED0E2B853EA2}.Debug|x64.ActiveCfg = Debug|Any CPU
		{8676B298-5256-4ABD-9C4C-ED0E2B853EA2}.Debug|x86.ActiveCfg = Debug|Any CPU
		{8676B298-5256-4ABD-9C4C-ED0E2B853EA2}.Release|Any CPU.ActiveCfg = Release|Any CPU
		{8676B298-5256-4ABD-9C4C-ED0E2B853EA2}.Release|Any CPU.Build.0 = Release|Any CPU
		{8676B298-5256-4ABD-9C4C-ED0E2B853EA2}.Release|ARM.ActiveCfg = Release|Any CPU
		{8676B298-5256-4ABD-9C4C-ED0E2B853EA2}.Release|ARM64.ActiveCfg = Release|Any CPU
		{8676B298-5256-4ABD-9C4C-ED0E2B853EA2}.Release|x64.ActiveCfg = Release|Any CPU
		{8676B298-5256-4ABD-9C4C-ED0E2B853EA2}.Release|x86.ActiveCfg = Release|Any CPU
		{9E19F0F0-0050-419E-8EBD-AC97DCA967BB}.Debug|Any CPU.ActiveCfg = Debug|Any CPU
		{9E19F0F0-0050-419E-8EBD-AC97DCA967BB}.Debug|Any CPU.Build.0 = Debug|Any CPU
		{9E19F0F0-0050-419E-8EBD-AC97DCA967BB}.Debug|ARM.ActiveCfg = Debug|Any CPU
		{9E19F0F0-0050-419E-8EBD-AC97DCA967BB}.Debug|ARM.Build.0 = Debug|Any CPU
		{9E19F0F0-0050-419E-8EBD-AC97DCA967BB}.Debug|ARM64.ActiveCfg = Debug|Any CPU
		{9E19F0F0-0050-419E-8EBD-AC97DCA967BB}.Debug|ARM64.Build.0 = Debug|Any CPU
		{9E19F0F0-0050-419E-8EBD-AC97DCA967BB}.Debug|x64.ActiveCfg = Debug|Any CPU
		{9E19F0F0-0050-419E-8EBD-AC97DCA967BB}.Debug|x64.Build.0 = Debug|Any CPU
		{9E19F0F0-0050-419E-8EBD-AC97DCA967BB}.Debug|x86.ActiveCfg = Debug|Any CPU
		{9E19F0F0-0050-419E-8EBD-AC97DCA967BB}.Debug|x86.Build.0 = Debug|Any CPU
		{9E19F0F0-0050-419E-8EBD-AC97DCA967BB}.Release|Any CPU.ActiveCfg = Release|Any CPU
		{9E19F0F0-0050-419E-8EBD-AC97DCA967BB}.Release|Any CPU.Build.0 = Release|Any CPU
		{9E19F0F0-0050-419E-8EBD-AC97DCA967BB}.Release|ARM.ActiveCfg = Release|Any CPU
		{9E19F0F0-0050-419E-8EBD-AC97DCA967BB}.Release|ARM.Build.0 = Release|Any CPU
		{9E19F0F0-0050-419E-8EBD-AC97DCA967BB}.Release|ARM64.ActiveCfg = Release|Any CPU
		{9E19F0F0-0050-419E-8EBD-AC97DCA967BB}.Release|ARM64.Build.0 = Release|Any CPU
		{9E19F0F0-0050-419E-8EBD-AC97DCA967BB}.Release|x64.ActiveCfg = Release|Any CPU
		{9E19F0F0-0050-419E-8EBD-AC97DCA967BB}.Release|x64.Build.0 = Release|Any CPU
		{9E19F0F0-0050-419E-8EBD-AC97DCA967BB}.Release|x86.ActiveCfg = Release|Any CPU
		{9E19F0F0-0050-419E-8EBD-AC97DCA967BB}.Release|x86.Build.0 = Release|Any CPU
		{F5C8558A-F998-46BA-9EE1-42DEA090226A}.Debug|Any CPU.ActiveCfg = Debug|Any CPU
		{F5C8558A-F998-46BA-9EE1-42DEA090226A}.Debug|Any CPU.Build.0 = Debug|Any CPU
		{F5C8558A-F998-46BA-9EE1-42DEA090226A}.Debug|ARM.ActiveCfg = Debug|Any CPU
		{F5C8558A-F998-46BA-9EE1-42DEA090226A}.Debug|ARM.Build.0 = Debug|Any CPU
		{F5C8558A-F998-46BA-9EE1-42DEA090226A}.Debug|ARM64.ActiveCfg = Debug|Any CPU
		{F5C8558A-F998-46BA-9EE1-42DEA090226A}.Debug|ARM64.Build.0 = Debug|Any CPU
		{F5C8558A-F998-46BA-9EE1-42DEA090226A}.Debug|x64.ActiveCfg = Debug|Any CPU
		{F5C8558A-F998-46BA-9EE1-42DEA090226A}.Debug|x64.Build.0 = Debug|Any CPU
		{F5C8558A-F998-46BA-9EE1-42DEA090226A}.Debug|x86.ActiveCfg = Debug|Any CPU
		{F5C8558A-F998-46BA-9EE1-42DEA090226A}.Debug|x86.Build.0 = Debug|Any CPU
		{F5C8558A-F998-46BA-9EE1-42DEA090226A}.Release|Any CPU.ActiveCfg = Release|Any CPU
		{F5C8558A-F998-46BA-9EE1-42DEA090226A}.Release|Any CPU.Build.0 = Release|Any CPU
		{F5C8558A-F998-46BA-9EE1-42DEA090226A}.Release|ARM.ActiveCfg = Release|Any CPU
		{F5C8558A-F998-46BA-9EE1-42DEA090226A}.Release|ARM.Build.0 = Release|Any CPU
		{F5C8558A-F998-46BA-9EE1-42DEA090226A}.Release|ARM64.ActiveCfg = Release|Any CPU
		{F5C8558A-F998-46BA-9EE1-42DEA090226A}.Release|ARM64.Build.0 = Release|Any CPU
		{F5C8558A-F998-46BA-9EE1-42DEA090226A}.Release|x64.ActiveCfg = Release|Any CPU
		{F5C8558A-F998-46BA-9EE1-42DEA090226A}.Release|x64.Build.0 = Release|Any CPU
		{F5C8558A-F998-46BA-9EE1-42DEA090226A}.Release|x86.ActiveCfg = Release|Any CPU
		{F5C8558A-F998-46BA-9EE1-42DEA090226A}.Release|x86.Build.0 = Release|Any CPU
		{ED8855CE-4F62-442B-9033-2363C2023296}.Debug|Any CPU.ActiveCfg = Debug|Any CPU
		{ED8855CE-4F62-442B-9033-2363C2023296}.Debug|Any CPU.Build.0 = Debug|Any CPU
		{ED8855CE-4F62-442B-9033-2363C2023296}.Debug|ARM.ActiveCfg = Debug|Any CPU
		{ED8855CE-4F62-442B-9033-2363C2023296}.Debug|ARM.Build.0 = Debug|Any CPU
		{ED8855CE-4F62-442B-9033-2363C2023296}.Debug|ARM64.ActiveCfg = Debug|Any CPU
		{ED8855CE-4F62-442B-9033-2363C2023296}.Debug|ARM64.Build.0 = Debug|Any CPU
		{ED8855CE-4F62-442B-9033-2363C2023296}.Debug|x64.ActiveCfg = Debug|Any CPU
		{ED8855CE-4F62-442B-9033-2363C2023296}.Debug|x64.Build.0 = Debug|Any CPU
		{ED8855CE-4F62-442B-9033-2363C2023296}.Debug|x86.ActiveCfg = Debug|Any CPU
		{ED8855CE-4F62-442B-9033-2363C2023296}.Debug|x86.Build.0 = Debug|Any CPU
		{ED8855CE-4F62-442B-9033-2363C2023296}.Release|Any CPU.ActiveCfg = Release|Any CPU
		{ED8855CE-4F62-442B-9033-2363C2023296}.Release|Any CPU.Build.0 = Release|Any CPU
		{ED8855CE-4F62-442B-9033-2363C2023296}.Release|ARM.ActiveCfg = Release|Any CPU
		{ED8855CE-4F62-442B-9033-2363C2023296}.Release|ARM.Build.0 = Release|Any CPU
		{ED8855CE-4F62-442B-9033-2363C2023296}.Release|ARM64.ActiveCfg = Release|Any CPU
		{ED8855CE-4F62-442B-9033-2363C2023296}.Release|ARM64.Build.0 = Release|Any CPU
		{ED8855CE-4F62-442B-9033-2363C2023296}.Release|x64.ActiveCfg = Release|Any CPU
		{ED8855CE-4F62-442B-9033-2363C2023296}.Release|x64.Build.0 = Release|Any CPU
		{ED8855CE-4F62-442B-9033-2363C2023296}.Release|x86.ActiveCfg = Release|Any CPU
		{ED8855CE-4F62-442B-9033-2363C2023296}.Release|x86.Build.0 = Release|Any CPU
	EndGlobalSection
	GlobalSection(SolutionProperties) = preSolution
		HideSolutionNode = FALSE
	EndGlobalSection
	GlobalSection(NestedProjects) = preSolution
		{227C3B55-80E5-4E7E-A802-BE16C5128B9D} = {2849E9D4-3B4E-40A3-A309-F3CB4F0E125F}
		{5D3B8245-ADA6-453F-A008-50ED04BFE770} = {B5BD12C1-A454-435E-8A46-FF4A364C0382}
		{E3F9F378-AFE1-40A5-90BD-82833375DBFE} = {227C3B55-80E5-4E7E-A802-BE16C5128B9D}
		{5B03EF4E-E0AC-4905-861B-8C3EC1A0D458} = {227C3B55-80E5-4E7E-A802-BE16C5128B9D}
		{86DEB346-089F-4106-89C8-D852B9CF2A33} = {B5BD12C1-A454-435E-8A46-FF4A364C0382}
		{54F54202-2ED4-4631-B9D8-6A93BC42F641} = {7CD513D3-A2F0-4AED-B249-30470224542C}
		{2566D014-1A49-4C9B-AAD9-BEC0B44A0EEB} = {7CD513D3-A2F0-4AED-B249-30470224542C}
		{CB91FFE3-EA54-4D5B-A518-E6F2720D757F} = {2566D014-1A49-4C9B-AAD9-BEC0B44A0EEB}
		{53A20E75-5617-4A05-8583-7B968A6950A5} = {2566D014-1A49-4C9B-AAD9-BEC0B44A0EEB}
		{8676B298-5256-4ABD-9C4C-ED0E2B853EA2} = {F4B9D8FB-CF5D-4C40-999B-A67C9BA0947B}
		{9E19F0F0-0050-419E-8EBD-AC97DCA967BB} = {F4B9D8FB-CF5D-4C40-999B-A67C9BA0947B}
		{F5C8558A-F998-46BA-9EE1-42DEA090226A} = {7CD513D3-A2F0-4AED-B249-30470224542C}
		{ED8855CE-4F62-442B-9033-2363C2023296} = {2566D014-1A49-4C9B-AAD9-BEC0B44A0EEB}
	EndGlobalSection
	GlobalSection(ExtensibilityGlobals) = postSolution
		SolutionGuid = {B9072511-2B53-4676-9D37-2BAF47662040}
	EndGlobalSection
EndGlobal
